
Microsoft Visual Studio Solution File, Format Version 12.00
# Visual Studio Version 16
VisualStudioVersion = 16.0.31702.278
MinimumVisualStudioVersion = 10.0.40219.1
Project("{FAE04EC0-301F-11D3-BF4B-00C04F79EFBC}") = "Namespaces", "Namespaces\Namespaces.csproj", "{303A72FA-68B5-4B66-BB9F-E31484B68E6F}"
EndProject
Project("{FAE04EC0-301F-11D3-BF4B-00C04F79EFBC}") = "Geometry.TwoD", "Geometry.TwoD\Geometry.TwoD.csproj", "{E54DBE59-4CC3-43AC-BEEB-705F0CC149BA}"
EndProject
Project("{FAE04EC0-301F-11D3-BF4B-00C04F79EFBC}") = "Geometry.ThreeD", "Geometry.ThreeD\Geometry.ThreeD.csproj", "{C7BF86CC-92CB-46BC-9197-963F10F7B7FB}"
EndProject
Global
	GlobalSection(SolutionConfigurationPlatforms) = preSolution
		Debug|Any CPU = Debug|Any CPU
		Release|Any CPU = Release|Any CPU
	EndGlobalSection
	GlobalSection(ProjectConfigurationPlatforms) = postSolution
		{303A72FA-68B5-4B66-BB9F-E31484B68E6F}.Debug|Any CPU.ActiveCfg = Debug|Any CPU
		{303A72FA-68B5-4B66-BB9F-E31484B68E6F}.Debug|Any CPU.Build.0 = Debug|Any CPU
		{303A72FA-68B5-4B66-BB9F-E31484B68E6F}.Release|Any CPU.ActiveCfg = Release|Any CPU
		{303A72FA-68B5-4B66-BB9F-E31484B68E6F}.Release|Any CPU.Build.0 = Release|Any CPU
		{E54DBE59-4CC3-43AC-BEEB-705F0CC149BA}.Debug|Any CPU.ActiveCfg = Debug|Any CPU
		{E54DBE59-4CC3-43AC-BEEB-705F0CC149BA}.Debug|Any CPU.Build.0 = Debug|Any CPU
		{E54DBE59-4CC3-43AC-BEEB-705F0CC149BA}.Release|Any CPU.ActiveCfg = Release|Any CPU
		{E54DBE59-4CC3-43AC-BEEB-705F0CC149BA}.Release|Any CPU.Build.0 = Release|Any CPU
		{C7BF86CC-92CB-46BC-9197-963F10F7B7FB}.Debug|Any CPU.ActiveCfg = Debug|Any CPU
		{C7BF86CC-92CB-46BC-9197-963F10F7B7FB}.Debug|Any CPU.Build.0 = Debug|Any CPU
		{C7BF86CC-92CB-46BC-9197-963F10F7B7FB}.Release|Any CPU.ActiveCfg = Release|Any CPU
		{C7BF86CC-92CB-46BC-9197-963F10F7B7FB}.Release|Any CPU.Build.0 = Release|Any CPU
	EndGlobalSection
	GlobalSection(SolutionProperties) = preSolution
		HideSolutionNode = FALSE
	EndGlobalSection
	GlobalSection(ExtensibilityGlobals) = postSolution
		SolutionGuid = {06194FC5-A347-494C-BC29-5179867C2B0A}
	EndGlobalSection
EndGlobal
